
Microsoft Visual Studio Solution File, Format Version 12.00
# Visual Studio Version 17
VisualStudioVersion = 17.5.33530.505
MinimumVisualStudioVersion = 10.0.40219.1
Project("{FAE04EC0-301F-11D3-BF4B-00C04F79EFBC}") = "RevitAPITrainingSelection", "RevitAPITrainingSelection\RevitAPITrainingSelection.csproj", "{602B6B67-95B3-483B-9D27-EAEB640D54C0}"
EndProject
Project("{FAE04EC0-301F-11D3-BF4B-00C04F79EFBC}") = "RevitAPITrainingSelectionPoint", "RevitAPITrainingSelectionPoint\RevitAPITrainingSelectionPoint.csproj", "{055D0E6E-9BC0-4246-B379-7AB77E00E43E}"
EndProject
Project("{FAE04EC0-301F-11D3-BF4B-00C04F79EFBC}") = "RevitAPITrainingSelectionActive_view", "RevitAPITrainingSelectionActive_view\RevitAPITrainingSelectionActive_view.csproj", "{32D9DD48-62AD-41FA-A452-59F72A60577E}"
EndProject
Project("{FAE04EC0-301F-11D3-BF4B-00C04F79EFBC}") = "RevitAPITrainingSearchByConditions", "RevitAPITrainingSearchByConditions\RevitAPITrainingSearchByConditions.csproj", "{1FA92220-E175-48F7-91C0-AE0D5E79CC5C}"
EndProject
Project("{FAE04EC0-301F-11D3-BF4B-00C04F79EFBC}") = "RevitAPITrainingSearchByClass", "RevitAPITrainingSearchByClass\RevitAPITrainingSearchByClass.csproj", "{661DD284-1257-4CE0-BF57-2561F6BA3790}"
EndProject
Project("{FAE04EC0-301F-11D3-BF4B-00C04F79EFBC}") = "RevitAPITrainingSearchByType", "RevitAPITrainingSearchByType\RevitAPITrainingSearchByType.csproj", "{DF41B78F-432B-44A0-8E72-C32F3D818F76}"
EndProject
Project("{FAE04EC0-301F-11D3-BF4B-00C04F79EFBC}") = "RevitAPITrainingSearchByCategory", "RevitAPITrainingSearchByCategory\RevitAPITrainingSearchByCategory.csproj", "{E7475AB0-0A3C-4B23-8C1D-622EBBB35BD4}"
EndProject
Project("{FAE04EC0-301F-11D3-BF4B-00C04F79EFBC}") = "HW2.1SearchForDucts", "HW2.1SearchForDucts\HW2.1SearchForDucts.csproj", "{1F0CD0F3-BE18-48A6-AD39-FC044C29B570}"
EndProject
Project("{FAE04EC0-301F-11D3-BF4B-00C04F79EFBC}") = "HW2.2Search_for_pipes_in_the_active_view", "HW2.2Search_for_pipes_in_the_active_view\HW2.2Search_for_pipes_in_the_active_view.csproj", "{B50A8BE7-371E-4CF0-9685-7A48BD252E86}"
EndProject
Project("{FAE04EC0-301F-11D3-BF4B-00C04F79EFBC}") = "HW2.3ColumnSearch", "HW2.3ColumnSearch\HW2.3ColumnSearch.csproj", "{3637037C-D77B-43CF-9862-CD9A7BEA0AAF}"
EndProject
Project("{FAE04EC0-301F-11D3-BF4B-00C04F79EFBC}") = "HW2.4Search_for_air_ducts_by_floor", "HW2.4Search_for_air_ducts_by_floor\HW2.4Search_for_air_ducts_by_floor.csproj", "{138F34AD-19AC-4E48-8B3F-43682CBC0105}"
EndProject
Global
	GlobalSection(SolutionConfigurationPlatforms) = preSolution
		Debug|Any CPU = Debug|Any CPU
		Release|Any CPU = Release|Any CPU
	EndGlobalSection
	GlobalSection(ProjectConfigurationPlatforms) = postSolution
		{602B6B67-95B3-483B-9D27-EAEB640D54C0}.Debug|Any CPU.ActiveCfg = Debug|Any CPU
		{602B6B67-95B3-483B-9D27-EAEB640D54C0}.Debug|Any CPU.Build.0 = Debug|Any CPU
		{602B6B67-95B3-483B-9D27-EAEB640D54C0}.Release|Any CPU.ActiveCfg = Release|Any CPU
		{602B6B67-95B3-483B-9D27-EAEB640D54C0}.Release|Any CPU.Build.0 = Release|Any CPU
		{055D0E6E-9BC0-4246-B379-7AB77E00E43E}.Debug|Any CPU.ActiveCfg = Debug|Any CPU
		{055D0E6E-9BC0-4246-B379-7AB77E00E43E}.Debug|Any CPU.Build.0 = Debug|Any CPU
		{055D0E6E-9BC0-4246-B379-7AB77E00E43E}.Release|Any CPU.ActiveCfg = Release|Any CPU
		{055D0E6E-9BC0-4246-B379-7AB77E00E43E}.Release|Any CPU.Build.0 = Release|Any CPU
		{32D9DD48-62AD-41FA-A452-59F72A60577E}.Debug|Any CPU.ActiveCfg = Debug|Any CPU
		{32D9DD48-62AD-41FA-A452-59F72A60577E}.Debug|Any CPU.Build.0 = Debug|Any CPU
		{32D9DD48-62AD-41FA-A452-59F72A60577E}.Release|Any CPU.ActiveCfg = Release|Any CPU
		{32D9DD48-62AD-41FA-A452-59F72A60577E}.Release|Any CPU.Build.0 = Release|Any CPU
		{1FA92220-E175-48F7-91C0-AE0D5E79CC5C}.Debug|Any CPU.ActiveCfg = Debug|Any CPU
		{1FA92220-E175-48F7-91C0-AE0D5E79CC5C}.Debug|Any CPU.Build.0 = Debug|Any CPU
		{1FA92220-E175-48F7-91C0-AE0D5E79CC5C}.Release|Any CPU.ActiveCfg = Release|Any CPU
		{1FA92220-E175-48F7-91C0-AE0D5E79CC5C}.Release|Any CPU.Build.0 = Release|Any CPU
		{661DD284-1257-4CE0-BF57-2561F6BA3790}.Debug|Any CPU.ActiveCfg = Debug|Any CPU
		{661DD284-1257-4CE0-BF57-2561F6BA3790}.Debug|Any CPU.Build.0 = Debug|Any CPU
		{661DD284-1257-4CE0-BF57-2561F6BA3790}.Release|Any CPU.ActiveCfg = Release|Any CPU
		{661DD284-1257-4CE0-BF57-2561F6BA3790}.Release|Any CPU.Build.0 = Release|Any CPU
		{DF41B78F-432B-44A0-8E72-C32F3D818F76}.Debug|Any CPU.ActiveCfg = Debug|Any CPU
		{DF41B78F-432B-44A0-8E72-C32F3D818F76}.Debug|Any CPU.Build.0 = Debug|Any CPU
		{DF41B78F-432B-44A0-8E72-C32F3D818F76}.Release|Any CPU.ActiveCfg = Release|Any CPU
		{DF41B78F-432B-44A0-8E72-C32F3D818F76}.Release|Any CPU.Build.0 = Release|Any CPU
		{E7475AB0-0A3C-4B23-8C1D-622EBBB35BD4}.Debug|Any CPU.ActiveCfg = Debug|Any CPU
		{E7475AB0-0A3C-4B23-8C1D-622EBBB35BD4}.Debug|Any CPU.Build.0 = Debug|Any CPU
		{E7475AB0-0A3C-4B23-8C1D-622EBBB35BD4}.Release|Any CPU.ActiveCfg = Release|Any CPU
		{E7475AB0-0A3C-4B23-8C1D-622EBBB35BD4}.Release|Any CPU.Build.0 = Release|Any CPU
		{1F0CD0F3-BE18-48A6-AD39-FC044C29B570}.Debug|Any CPU.ActiveCfg = Debug|Any CPU
		{1F0CD0F3-BE18-48A6-AD39-FC044C29B570}.Debug|Any CPU.Build.0 = Debug|Any CPU
		{1F0CD0F3-BE18-48A6-AD39-FC044C29B570}.Release|Any CPU.ActiveCfg = Release|Any CPU
		{1F0CD0F3-BE18-48A6-AD39-FC044C29B570}.Release|Any CPU.Build.0 = Release|Any CPU
		{B50A8BE7-371E-4CF0-9685-7A48BD252E86}.Debug|Any CPU.ActiveCfg = Debug|Any CPU
		{B50A8BE7-371E-4CF0-9685-7A48BD252E86}.Debug|Any CPU.Build.0 = Debug|Any CPU
		{B50A8BE7-371E-4CF0-9685-7A48BD252E86}.Release|Any CPU.ActiveCfg = Release|Any CPU
		{B50A8BE7-371E-4CF0-9685-7A48BD252E86}.Release|Any CPU.Build.0 = Release|Any CPU
		{3637037C-D77B-43CF-9862-CD9A7BEA0AAF}.Debug|Any CPU.ActiveCfg = Debug|Any CPU
		{3637037C-D77B-43CF-9862-CD9A7BEA0AAF}.Debug|Any CPU.Build.0 = Debug|Any CPU
		{3637037C-D77B-43CF-9862-CD9A7BEA0AAF}.Release|Any CPU.ActiveCfg = Release|Any CPU
		{3637037C-D77B-43CF-9862-CD9A7BEA0AAF}.Release|Any CPU.Build.0 = Release|Any CPU
		{138F34AD-19AC-4E48-8B3F-43682CBC0105}.Debug|Any CPU.ActiveCfg = Debug|Any CPU
		{138F34AD-19AC-4E48-8B3F-43682CBC0105}.Debug|Any CPU.Build.0 = Debug|Any CPU
		{138F34AD-19AC-4E48-8B3F-43682CBC0105}.Release|Any CPU.ActiveCfg = Release|Any CPU
		{138F34AD-19AC-4E48-8B3F-43682CBC0105}.Release|Any CPU.Build.0 = Release|Any CPU
	EndGlobalSection
	GlobalSection(SolutionProperties) = preSolution
		HideSolutionNode = FALSE
	EndGlobalSection
	GlobalSection(ExtensibilityGlobals) = postSolution
		SolutionGuid = {F899B9CD-9D1A-4AAD-B98B-6810C63683E0}
	EndGlobalSection
EndGlobal
