
Microsoft Visual Studio Solution File, Format Version 12.00
# Visual Studio Version 17
VisualStudioVersion = 17.5.33530.505
MinimumVisualStudioVersion = 10.0.40219.1
Project("{FAE04EC0-301F-11D3-BF4B-00C04F79EFBC}") = "RevitAPITrainingSelection", "RevitAPITrainingSelection\RevitAPITrainingSelection.csproj", "{602B6B67-95B3-483B-9D27-EAEB640D54C0}"
EndProject
Project("{FAE04EC0-301F-11D3-BF4B-00C04F79EFBC}") = "RevitAPITrainingSelectionPoint", "RevitAPITrainingSelectionPoint\RevitAPITrainingSelectionPoint.csproj", "{055D0E6E-9BC0-4246-B379-7AB77E00E43E}"
EndProject
Project("{FAE04EC0-301F-11D3-BF4B-00C04F79EFBC}") = "RevitAPITrainingSelectionActive_view", "RevitAPITrainingSelectionActive_view\RevitAPITrainingSelectionActive_view.csproj", "{32D9DD48-62AD-41FA-A452-59F72A60577E}"
EndProject
Project("{FAE04EC0-301F-11D3-BF4B-00C04F79EFBC}") = "RevitAPITrainingSearchByConditions", "RevitAPITrainingSearchByConditions\RevitAPITrainingSearchByConditions.csproj", "{1FA92220-E175-48F7-91C0-AE0D5E79CC5C}"
EndProject
Project("{FAE04EC0-301F-11D3-BF4B-00C04F79EFBC}") = "RevitAPITrainingSearchByClass", "RevitAPITrainingSearchByClass\RevitAPITrainingSearchByClass.csproj", "{661DD284-1257-4CE0-BF57-2561F6BA3790}"
EndProject
Global
	GlobalSection(SolutionConfigurationPlatforms) = preSolution
		Debug|Any CPU = Debug|Any CPU
		Release|Any CPU = Release|Any CPU
	EndGlobalSection
	GlobalSection(ProjectConfigurationPlatforms) = postSolution
		{602B6B67-95B3-483B-9D27-EAEB640D54C0}.Debug|Any CPU.ActiveCfg = Debug|Any CPU
		{602B6B67-95B3-483B-9D27-EAEB640D54C0}.Debug|Any CPU.Build.0 = Debug|Any CPU
		{602B6B67-95B3-483B-9D27-EAEB640D54C0}.Release|Any CPU.ActiveCfg = Release|Any CPU
		{602B6B67-95B3-483B-9D27-EAEB640D54C0}.Release|Any CPU.Build.0 = Release|Any CPU
		{055D0E6E-9BC0-4246-B379-7AB77E00E43E}.Debug|Any CPU.ActiveCfg = Debug|Any CPU
		{055D0E6E-9BC0-4246-B379-7AB77E00E43E}.Debug|Any CPU.Build.0 = Debug|Any CPU
		{055D0E6E-9BC0-4246-B379-7AB77E00E43E}.Release|Any CPU.ActiveCfg = Release|Any CPU
		{055D0E6E-9BC0-4246-B379-7AB77E00E43E}.Release|Any CPU.Build.0 = Release|Any CPU
		{32D9DD48-62AD-41FA-A452-59F72A60577E}.Debug|Any CPU.ActiveCfg = Debug|Any CPU
		{32D9DD48-62AD-41FA-A452-59F72A60577E}.Debug|Any CPU.Build.0 = Debug|Any CPU
		{32D9DD48-62AD-41FA-A452-59F72A60577E}.Release|Any CPU.ActiveCfg = Release|Any CPU
		{32D9DD48-62AD-41FA-A452-59F72A60577E}.Release|Any CPU.Build.0 = Release|Any CPU
		{1FA92220-E175-48F7-91C0-AE0D5E79CC5C}.Debug|Any CPU.ActiveCfg = Debug|Any CPU
		{1FA92220-E175-48F7-91C0-AE0D5E79CC5C}.Debug|Any CPU.Build.0 = Debug|Any CPU
		{1FA92220-E175-48F7-91C0-AE0D5E79CC5C}.Release|Any CPU.ActiveCfg = Release|Any CPU
		{1FA92220-E175-48F7-91C0-AE0D5E79CC5C}.Release|Any CPU.Build.0 = Release|Any CPU
		{661DD284-1257-4CE0-BF57-2561F6BA3790}.Debug|Any CPU.ActiveCfg = Debug|Any CPU
		{661DD284-1257-4CE0-BF57-2561F6BA3790}.Debug|Any CPU.Build.0 = Debug|Any CPU
		{661DD284-1257-4CE0-BF57-2561F6BA3790}.Release|Any CPU.ActiveCfg = Release|Any CPU
		{661DD284-1257-4CE0-BF57-2561F6BA3790}.Release|Any CPU.Build.0 = Release|Any CPU
	EndGlobalSection
	GlobalSection(SolutionProperties) = preSolution
		HideSolutionNode = FALSE
	EndGlobalSection
	GlobalSection(ExtensibilityGlobals) = postSolution
		SolutionGuid = {F899B9CD-9D1A-4AAD-B98B-6810C63683E0}
	EndGlobalSection
EndGlobal
